
Microsoft Visual Studio Solution File, Format Version 12.00
# Visual Studio Version 17
VisualStudioVersion = 17.0.31717.71
MinimumVisualStudioVersion = 10.0.40219.1
Project("{47C39D0B-9E50-4B28-898F-E1F8DB817BAF}") = "TaskSix_TagConvo.Server", "Server\TaskSix_TagConvo.Server.csproj", "{CC240663-D1D5-4170-832A-9296B06B023B}"
EndProject
Project("{47C39D0B-9E50-4B28-898F-E1F8DB817BAF}") = "TaskSix_TagConvo.Client", "Client\TaskSix_TagConvo.Client.csproj", "{38C9C5DA-C9D5-4E07-8A2C-35669B06B15F}"
EndProject
Project("{47C39D0B-9E50-4B28-898F-E1F8DB817BAF}") = "TaskSix_TagConvo.Shared", "Shared\TaskSix_TagConvo.Shared.csproj", "{C608F7BF-AECB-43E0-91E0-F9BE121688EB}"
EndProject
Global
	GlobalSection(SolutionConfigurationPlatforms) = preSolution
		Debug|Any CPU = Debug|Any CPU
		Release|Any CPU = Release|Any CPU
	EndGlobalSection
	GlobalSection(ProjectConfigurationPlatforms) = postSolution
		{CC240663-D1D5-4170-832A-9296B06B023B}.Debug|Any CPU.ActiveCfg = Debug|Any CPU
		{CC240663-D1D5-4170-832A-9296B06B023B}.Debug|Any CPU.Build.0 = Debug|Any CPU
		{CC240663-D1D5-4170-832A-9296B06B023B}.Release|Any CPU.ActiveCfg = Release|Any CPU
		{CC240663-D1D5-4170-832A-9296B06B023B}.Release|Any CPU.Build.0 = Release|Any CPU
		{38C9C5DA-C9D5-4E07-8A2C-35669B06B15F}.Debug|Any CPU.ActiveCfg = Debug|Any CPU
		{38C9C5DA-C9D5-4E07-8A2C-35669B06B15F}.Debug|Any CPU.Build.0 = Debug|Any CPU
		{38C9C5DA-C9D5-4E07-8A2C-35669B06B15F}.Release|Any CPU.ActiveCfg = Release|Any CPU
		{38C9C5DA-C9D5-4E07-8A2C-35669B06B15F}.Release|Any CPU.Build.0 = Release|Any CPU
		{C608F7BF-AECB-43E0-91E0-F9BE121688EB}.Debug|Any CPU.ActiveCfg = Debug|Any CPU
		{C608F7BF-AECB-43E0-91E0-F9BE121688EB}.Debug|Any CPU.Build.0 = Debug|Any CPU
		{C608F7BF-AECB-43E0-91E0-F9BE121688EB}.Release|Any CPU.ActiveCfg = Release|Any CPU
		{C608F7BF-AECB-43E0-91E0-F9BE121688EB}.Release|Any CPU.Build.0 = Release|Any CPU
	EndGlobalSection
	GlobalSection(SolutionProperties) = preSolution
		HideSolutionNode = FALSE
	EndGlobalSection
	GlobalSection(ExtensibilityGlobals) = postSolution
		SolutionGuid = {C2F256A2-9E20-41B6-A2DA-CF08736C8228}
	EndGlobalSection
EndGlobal